// !$*UTF8*$!
{
	archiveVersion = 1;
	classes = {
	};
	objectVersion = 51;
	objects = {

/* Begin PBXBuildFile section */
		291706EC25EDF3A20085D0C8 /* TrailMapViewController2.swift in Sources */ = {isa = PBXBuildFile; fileRef = 291706EB25EDF3A20085D0C8 /* TrailMapViewController2.swift */; };
		4946942A25FD61430076D19D /* CreateHikeViewController.swift in Sources */ = {isa = PBXBuildFile; fileRef = 4946942925FD61430076D19D /* CreateHikeViewController.swift */; };
		49AC179625E1B48C008103E5 /* TrailMapViewController.swift in Sources */ = {isa = PBXBuildFile; fileRef = 49AC179525E1B48C008103E5 /* TrailMapViewController.swift */; };
		49C5862B25DC939600D8241A /* AppDelegate.swift in Sources */ = {isa = PBXBuildFile; fileRef = 49C5862A25DC939600D8241A /* AppDelegate.swift */; };
		49C5862D25DC939600D8241A /* SceneDelegate.swift in Sources */ = {isa = PBXBuildFile; fileRef = 49C5862C25DC939600D8241A /* SceneDelegate.swift */; };
		49C5863225DC939600D8241A /* Main.storyboard in Resources */ = {isa = PBXBuildFile; fileRef = 49C5863025DC939600D8241A /* Main.storyboard */; };
		49C5863425DC939600D8241A /* Assets.xcassets in Resources */ = {isa = PBXBuildFile; fileRef = 49C5863325DC939600D8241A /* Assets.xcassets */; };
		49C5863725DC939600D8241A /* LaunchScreen.storyboard in Resources */ = {isa = PBXBuildFile; fileRef = 49C5863525DC939600D8241A /* LaunchScreen.storyboard */; };
		58B92D2225E709FE00311962 /* RegisterViewController.swift in Sources */ = {isa = PBXBuildFile; fileRef = 58B92D2125E709FE00311962 /* RegisterViewController.swift */; };
		58B92D2625E70B4300311962 /* Constants.swift in Sources */ = {isa = PBXBuildFile; fileRef = 58B92D2525E70B4300311962 /* Constants.swift */; };
		58D1F56A25EDDD6D003909E5 /* ChatUtils.swift in Sources */ = {isa = PBXBuildFile; fileRef = 58D1F56925EDDD6D003909E5 /* ChatUtils.swift */; };
		58D1F57225EDDDA5003909E5 /* SessionManager.swift in Sources */ = {isa = PBXBuildFile; fileRef = 58D1F57125EDDDA5003909E5 /* SessionManager.swift */; };
		58D1F57C25EDDE08003909E5 /* ChatViewController.swift in Sources */ = {isa = PBXBuildFile; fileRef = 58D1F57B25EDDE08003909E5 /* ChatViewController.swift */; };
		58D1F59725EDE127003909E5 /* ChatManager.swift in Sources */ = {isa = PBXBuildFile; fileRef = 58D1F59625EDE127003909E5 /* ChatManager.swift */; };
		58D1F60225F91E64003909E5 /* LoginViewController.swift in Sources */ = {isa = PBXBuildFile; fileRef = 58D1F60125F91E64003909E5 /* LoginViewController.swift */; };
		58D1F62325FAAF0B003909E5 /* ProfileViewController.swift in Sources */ = {isa = PBXBuildFile; fileRef = 58D1F62225FAAF0B003909E5 /* ProfileViewController.swift */; };
		58D1F62625FC5989003909E5 /* AddPhoneViewController.swift in Sources */ = {isa = PBXBuildFile; fileRef = 58D1F62525FC5989003909E5 /* AddPhoneViewController.swift */; };
		58D1F66025FD5565003909E5 /* GoogleService-Info.plist in Resources */ = {isa = PBXBuildFile; fileRef = 58D1F65F25FD5565003909E5 /* GoogleService-Info.plist */; };
		C0385AF313F4A22AFD7767A0 /* Pods_439FinalProject.framework in Frameworks */ = {isa = PBXBuildFile; fileRef = CE9295D93B6A07734CCE5CFF /* Pods_439FinalProject.framework */; };
/* End PBXBuildFile section */

/* Begin PBXFileReference section */
		291706EB25EDF3A20085D0C8 /* TrailMapViewController2.swift */ = {isa = PBXFileReference; lastKnownFileType = sourcecode.swift; path = TrailMapViewController2.swift; sourceTree = "<group>"; };
		4946942925FD61430076D19D /* CreateHikeViewController.swift */ = {isa = PBXFileReference; lastKnownFileType = sourcecode.swift; path = CreateHikeViewController.swift; sourceTree = "<group>"; };
		49AC179525E1B48C008103E5 /* TrailMapViewController.swift */ = {isa = PBXFileReference; lastKnownFileType = sourcecode.swift; path = TrailMapViewController.swift; sourceTree = "<group>"; };
		49C5862725DC939600D8241A /* 439FinalProject.app */ = {isa = PBXFileReference; explicitFileType = wrapper.application; includeInIndex = 0; path = 439FinalProject.app; sourceTree = BUILT_PRODUCTS_DIR; };
		49C5862A25DC939600D8241A /* AppDelegate.swift */ = {isa = PBXFileReference; lastKnownFileType = sourcecode.swift; path = AppDelegate.swift; sourceTree = "<group>"; };
		49C5862C25DC939600D8241A /* SceneDelegate.swift */ = {isa = PBXFileReference; lastKnownFileType = sourcecode.swift; path = SceneDelegate.swift; sourceTree = "<group>"; };
		49C5863125DC939600D8241A /* Base */ = {isa = PBXFileReference; lastKnownFileType = file.storyboard; name = Base; path = Base.lproj/Main.storyboard; sourceTree = "<group>"; };
		49C5863325DC939600D8241A /* Assets.xcassets */ = {isa = PBXFileReference; lastKnownFileType = folder.assetcatalog; path = Assets.xcassets; sourceTree = "<group>"; };
		49C5863625DC939600D8241A /* Base */ = {isa = PBXFileReference; lastKnownFileType = file.storyboard; name = Base; path = Base.lproj/LaunchScreen.storyboard; sourceTree = "<group>"; };
		49C5863825DC939600D8241A /* Info.plist */ = {isa = PBXFileReference; lastKnownFileType = text.plist.xml; path = Info.plist; sourceTree = "<group>"; };
		58B92D2125E709FE00311962 /* RegisterViewController.swift */ = {isa = PBXFileReference; lastKnownFileType = sourcecode.swift; path = RegisterViewController.swift; sourceTree = "<group>"; };
		58B92D2525E70B4300311962 /* Constants.swift */ = {isa = PBXFileReference; lastKnownFileType = sourcecode.swift; path = Constants.swift; sourceTree = "<group>"; };
		58D1F56925EDDD6D003909E5 /* ChatUtils.swift */ = {isa = PBXFileReference; lastKnownFileType = sourcecode.swift; path = ChatUtils.swift; sourceTree = "<group>"; };
		58D1F57125EDDDA5003909E5 /* SessionManager.swift */ = {isa = PBXFileReference; lastKnownFileType = sourcecode.swift; path = SessionManager.swift; sourceTree = "<group>"; };
		58D1F57B25EDDE08003909E5 /* ChatViewController.swift */ = {isa = PBXFileReference; lastKnownFileType = sourcecode.swift; path = ChatViewController.swift; sourceTree = "<group>"; };
		58D1F59625EDE127003909E5 /* ChatManager.swift */ = {isa = PBXFileReference; lastKnownFileType = sourcecode.swift; path = ChatManager.swift; sourceTree = "<group>"; };
		58D1F60125F91E64003909E5 /* LoginViewController.swift */ = {isa = PBXFileReference; fileEncoding = 4; lastKnownFileType = sourcecode.swift; path = LoginViewController.swift; sourceTree = "<group>"; };
		58D1F62225FAAF0B003909E5 /* ProfileViewController.swift */ = {isa = PBXFileReference; lastKnownFileType = sourcecode.swift; path = ProfileViewController.swift; sourceTree = "<group>"; };
		58D1F62525FC5989003909E5 /* AddPhoneViewController.swift */ = {isa = PBXFileReference; lastKnownFileType = sourcecode.swift; path = AddPhoneViewController.swift; sourceTree = "<group>"; };
		58D1F65F25FD5565003909E5 /* GoogleService-Info.plist */ = {isa = PBXFileReference; fileEncoding = 4; lastKnownFileType = text.plist.xml; path = "GoogleService-Info.plist"; sourceTree = "<group>"; };
		933F1A38496A9E9D1194D001 /* Pods-439FinalProject.debug.xcconfig */ = {isa = PBXFileReference; includeInIndex = 1; lastKnownFileType = text.xcconfig; name = "Pods-439FinalProject.debug.xcconfig"; path = "Target Support Files/Pods-439FinalProject/Pods-439FinalProject.debug.xcconfig"; sourceTree = "<group>"; };
		B6BB952AFCE52F4A841FE712 /* Pods-439FinalProject.release.xcconfig */ = {isa = PBXFileReference; includeInIndex = 1; lastKnownFileType = text.xcconfig; name = "Pods-439FinalProject.release.xcconfig"; path = "Target Support Files/Pods-439FinalProject/Pods-439FinalProject.release.xcconfig"; sourceTree = "<group>"; };
		CE9295D93B6A07734CCE5CFF /* Pods_439FinalProject.framework */ = {isa = PBXFileReference; explicitFileType = wrapper.framework; includeInIndex = 0; path = Pods_439FinalProject.framework; sourceTree = BUILT_PRODUCTS_DIR; };
/* End PBXFileReference section */

/* Begin PBXFrameworksBuildPhase section */
		49C5862425DC939600D8241A /* Frameworks */ = {
			isa = PBXFrameworksBuildPhase;
			buildActionMask = 2147483647;
			files = (
				C0385AF313F4A22AFD7767A0 /* Pods_439FinalProject.framework in Frameworks */,
			);
			runOnlyForDeploymentPostprocessing = 0;
		};
/* End PBXFrameworksBuildPhase section */

/* Begin PBXGroup section */
		07A64A7D063624A94AEFC455 /* Pods */ = {
			isa = PBXGroup;
			children = (
				933F1A38496A9E9D1194D001 /* Pods-439FinalProject.debug.xcconfig */,
				B6BB952AFCE52F4A841FE712 /* Pods-439FinalProject.release.xcconfig */,
			);
			path = Pods;
			sourceTree = "<group>";
		};
		49C5861E25DC939600D8241A = {
			isa = PBXGroup;
			children = (
				49C5862925DC939600D8241A /* 439FinalProject */,
				49C5862825DC939600D8241A /* Products */,
				07A64A7D063624A94AEFC455 /* Pods */,
				EE6019F97EA8A8B28B5DE60E /* Frameworks */,
			);
			sourceTree = "<group>";
		};
		49C5862825DC939600D8241A /* Products */ = {
			isa = PBXGroup;
			children = (
				49C5862725DC939600D8241A /* 439FinalProject.app */,
			);
			name = Products;
			sourceTree = "<group>";
		};
		49C5862925DC939600D8241A /* 439FinalProject */ = {
			isa = PBXGroup;
			children = (
				58D1F65F25FD5565003909E5 /* GoogleService-Info.plist */,
				58D1F59525EDE10A003909E5 /* Models */,
				58D1F57025EDDDA5003909E5 /* Session */,
				58D1F56825EDDD6C003909E5 /* Utils */,
				49C5862A25DC939600D8241A /* AppDelegate.swift */,
				49C5862C25DC939600D8241A /* SceneDelegate.swift */,
				58B92D1B25E6F7D600311962 /* Controllers */,
				58B92D1A25E6F7CE00311962 /* Views */,
				49C5863325DC939600D8241A /* Assets.xcassets */,
				49C5863525DC939600D8241A /* LaunchScreen.storyboard */,
				49C5863825DC939600D8241A /* Info.plist */,
				58B92D2525E70B4300311962 /* Constants.swift */,
			);
			path = 439FinalProject;
			sourceTree = "<group>";
		};
		58B92D1A25E6F7CE00311962 /* Views */ = {
			isa = PBXGroup;
			children = (
				49C5863025DC939600D8241A /* Main.storyboard */,
			);
			path = Views;
			sourceTree = "<group>";
		};
		58B92D1B25E6F7D600311962 /* Controllers */ = {
			isa = PBXGroup;
			children = (
				58D1F60125F91E64003909E5 /* LoginViewController.swift */,
				58D1F57B25EDDE08003909E5 /* ChatViewController.swift */,
				49AC179525E1B48C008103E5 /* TrailMapViewController.swift */,
				58B92D2125E709FE00311962 /* RegisterViewController.swift */,
				291706EB25EDF3A20085D0C8 /* TrailMapViewController2.swift */,
				58D1F62225FAAF0B003909E5 /* ProfileViewController.swift */,
				58D1F62525FC5989003909E5 /* AddPhoneViewController.swift */,
				4946942925FD61430076D19D /* CreateHikeViewController.swift */,
			);
			path = Controllers;
			sourceTree = "<group>";
		};
		58D1F56825EDDD6C003909E5 /* Utils */ = {
			isa = PBXGroup;
			children = (
				58D1F56925EDDD6D003909E5 /* ChatUtils.swift */,
			);
			path = Utils;
			sourceTree = "<group>";
		};
		58D1F57025EDDDA5003909E5 /* Session */ = {
			isa = PBXGroup;
			children = (
				58D1F57125EDDDA5003909E5 /* SessionManager.swift */,
			);
			path = Session;
			sourceTree = "<group>";
		};
		58D1F59525EDE10A003909E5 /* Models */ = {
			isa = PBXGroup;
			children = (
				58D1F59625EDE127003909E5 /* ChatManager.swift */,
			);
			path = Models;
			sourceTree = "<group>";
		};
		EE6019F97EA8A8B28B5DE60E /* Frameworks */ = {
			isa = PBXGroup;
			children = (
				CE9295D93B6A07734CCE5CFF /* Pods_439FinalProject.framework */,
			);
			name = Frameworks;
			sourceTree = "<group>";
		};
/* End PBXGroup section */

/* Begin PBXNativeTarget section */
		49C5862625DC939600D8241A /* 439FinalProject */ = {
			isa = PBXNativeTarget;
			buildConfigurationList = 49C5863B25DC939600D8241A /* Build configuration list for PBXNativeTarget "439FinalProject" */;
			buildPhases = (
				0E289B384F9D1FC5118C11B4 /* [CP] Check Pods Manifest.lock */,
				49C5862325DC939600D8241A /* Sources */,
				49C5862425DC939600D8241A /* Frameworks */,
				49C5862525DC939600D8241A /* Resources */,
				85A68A1F25155966C4445F77 /* [CP] Embed Pods Frameworks */,
			);
			buildRules = (
			);
			dependencies = (
			);
			name = 439FinalProject;
			productName = 439FinalProject;
			productReference = 49C5862725DC939600D8241A /* 439FinalProject.app */;
			productType = "com.apple.product-type.application";
		};
/* End PBXNativeTarget section */

/* Begin PBXProject section */
		49C5861F25DC939600D8241A /* Project object */ = {
			isa = PBXProject;
			attributes = {
				LastSwiftUpdateCheck = 1240;
				LastUpgradeCheck = 1240;
				TargetAttributes = {
					49C5862625DC939600D8241A = {
						CreatedOnToolsVersion = 12.4;
					};
				};
			};
			buildConfigurationList = 49C5862225DC939600D8241A /* Build configuration list for PBXProject "439FinalProject" */;
			compatibilityVersion = "Xcode 9.3";
			developmentRegion = en;
			hasScannedForEncodings = 0;
			knownRegions = (
				en,
				Base,
			);
			mainGroup = 49C5861E25DC939600D8241A;
			productRefGroup = 49C5862825DC939600D8241A /* Products */;
			projectDirPath = "";
			projectRoot = "";
			targets = (
				49C5862625DC939600D8241A /* 439FinalProject */,
			);
		};
/* End PBXProject section */

/* Begin PBXResourcesBuildPhase section */
		49C5862525DC939600D8241A /* Resources */ = {
			isa = PBXResourcesBuildPhase;
			buildActionMask = 2147483647;
			files = (
				49C5863725DC939600D8241A /* LaunchScreen.storyboard in Resources */,
				58D1F66025FD5565003909E5 /* GoogleService-Info.plist in Resources */,
				49C5863425DC939600D8241A /* Assets.xcassets in Resources */,
				49C5863225DC939600D8241A /* Main.storyboard in Resources */,
			);
			runOnlyForDeploymentPostprocessing = 0;
		};
/* End PBXResourcesBuildPhase section */

/* Begin PBXShellScriptBuildPhase section */
		0E289B384F9D1FC5118C11B4 /* [CP] Check Pods Manifest.lock */ = {
			isa = PBXShellScriptBuildPhase;
			buildActionMask = 2147483647;
			files = (
			);
			inputFileListPaths = (
			);
			inputPaths = (
				"${PODS_PODFILE_DIR_PATH}/Podfile.lock",
				"${PODS_ROOT}/Manifest.lock",
			);
			name = "[CP] Check Pods Manifest.lock";
			outputFileListPaths = (
			);
			outputPaths = (
				"$(DERIVED_FILE_DIR)/Pods-439FinalProject-checkManifestLockResult.txt",
			);
			runOnlyForDeploymentPostprocessing = 0;
			shellPath = /bin/sh;
			shellScript = "diff \"${PODS_PODFILE_DIR_PATH}/Podfile.lock\" \"${PODS_ROOT}/Manifest.lock\" > /dev/null\nif [ $? != 0 ] ; then\n    # print error to STDERR\n    echo \"error: The sandbox is not in sync with the Podfile.lock. Run 'pod install' or update your CocoaPods installation.\" >&2\n    exit 1\nfi\n# This output is used by Xcode 'outputs' to avoid re-running this script phase.\necho \"SUCCESS\" > \"${SCRIPT_OUTPUT_FILE_0}\"\n";
			showEnvVarsInLog = 0;
		};
		85A68A1F25155966C4445F77 /* [CP] Embed Pods Frameworks */ = {
			isa = PBXShellScriptBuildPhase;
			buildActionMask = 2147483647;
			files = (
			);
			inputFileListPaths = (
				"${PODS_ROOT}/Target Support Files/Pods-439FinalProject/Pods-439FinalProject-frameworks-${CONFIGURATION}-input-files.xcfilelist",
			);
			name = "[CP] Embed Pods Frameworks";
			outputFileListPaths = (
				"${PODS_ROOT}/Target Support Files/Pods-439FinalProject/Pods-439FinalProject-frameworks-${CONFIGURATION}-output-files.xcfilelist",
			);
			runOnlyForDeploymentPostprocessing = 0;
			shellPath = /bin/sh;
			shellScript = "\"${PODS_ROOT}/Target Support Files/Pods-439FinalProject/Pods-439FinalProject-frameworks.sh\"\n";
			showEnvVarsInLog = 0;
		};
/* End PBXShellScriptBuildPhase section */

/* Begin PBXSourcesBuildPhase section */
		49C5862325DC939600D8241A /* Sources */ = {
			isa = PBXSourcesBuildPhase;
			buildActionMask = 2147483647;
			files = (
				49AC179625E1B48C008103E5 /* TrailMapViewController.swift in Sources */,
				49C5862B25DC939600D8241A /* AppDelegate.swift in Sources */,
				58B92D2225E709FE00311962 /* RegisterViewController.swift in Sources */,
				58D1F56A25EDDD6D003909E5 /* ChatUtils.swift in Sources */,
				58D1F59725EDE127003909E5 /* ChatManager.swift in Sources */,
				49C5862D25DC939600D8241A /* SceneDelegate.swift in Sources */,
				58D1F62325FAAF0B003909E5 /* ProfileViewController.swift in Sources */,
				58B92D2625E70B4300311962 /* Constants.swift in Sources */,
				58D1F62625FC5989003909E5 /* AddPhoneViewController.swift in Sources */,
				58D1F57225EDDDA5003909E5 /* SessionManager.swift in Sources */,
				58D1F57C25EDDE08003909E5 /* ChatViewController.swift in Sources */,
				291706EC25EDF3A20085D0C8 /* TrailMapViewController2.swift in Sources */,
				58D1F60225F91E64003909E5 /* LoginViewController.swift in Sources */,
				4946942A25FD61430076D19D /* CreateHikeViewController.swift in Sources */,
			);
			runOnlyForDeploymentPostprocessing = 0;
		};
/* End PBXSourcesBuildPhase section */

/* Begin PBXVariantGroup section */
		49C5863025DC939600D8241A /* Main.storyboard */ = {
			isa = PBXVariantGroup;
			children = (
				49C5863125DC939600D8241A /* Base */,
			);
			name = Main.storyboard;
			sourceTree = "<group>";
		};
		49C5863525DC939600D8241A /* LaunchScreen.storyboard */ = {
			isa = PBXVariantGroup;
			children = (
				49C5863625DC939600D8241A /* Base */,
			);
			name = LaunchScreen.storyboard;
			sourceTree = "<group>";
		};
/* End PBXVariantGroup section */

/* Begin XCBuildConfiguration section */
		49C5863925DC939600D8241A /* Debug */ = {
			isa = XCBuildConfiguration;
			buildSettings = {
				ALWAYS_SEARCH_USER_PATHS = NO;
				CLANG_ANALYZER_NONNULL = YES;
				CLANG_ANALYZER_NUMBER_OBJECT_CONVERSION = YES_AGGRESSIVE;
				CLANG_CXX_LANGUAGE_STANDARD = "gnu++14";
				CLANG_CXX_LIBRARY = "libc++";
				CLANG_ENABLE_MODULES = YES;
				CLANG_ENABLE_OBJC_ARC = YES;
				CLANG_ENABLE_OBJC_WEAK = YES;
				CLANG_WARN_BLOCK_CAPTURE_AUTORELEASING = YES;
				CLANG_WARN_BOOL_CONVERSION = YES;
				CLANG_WARN_COMMA = YES;
				CLANG_WARN_CONSTANT_CONVERSION = YES;
				CLANG_WARN_DEPRECATED_OBJC_IMPLEMENTATIONS = YES;
				CLANG_WARN_DIRECT_OBJC_ISA_USAGE = YES_ERROR;
				CLANG_WARN_DOCUMENTATION_COMMENTS = YES;
				CLANG_WARN_EMPTY_BODY = YES;
				CLANG_WARN_ENUM_CONVERSION = YES;
				CLANG_WARN_INFINITE_RECURSION = YES;
				CLANG_WARN_INT_CONVERSION = YES;
				CLANG_WARN_NON_LITERAL_NULL_CONVERSION = YES;
				CLANG_WARN_OBJC_IMPLICIT_RETAIN_SELF = YES;
				CLANG_WARN_OBJC_LITERAL_CONVERSION = YES;
				CLANG_WARN_OBJC_ROOT_CLASS = YES_ERROR;
				CLANG_WARN_QUOTED_INCLUDE_IN_FRAMEWORK_HEADER = YES;
				CLANG_WARN_RANGE_LOOP_ANALYSIS = YES;
				CLANG_WARN_STRICT_PROTOTYPES = YES;
				CLANG_WARN_SUSPICIOUS_MOVE = YES;
				CLANG_WARN_UNGUARDED_AVAILABILITY = YES_AGGRESSIVE;
				CLANG_WARN_UNREACHABLE_CODE = YES;
				CLANG_WARN__DUPLICATE_METHOD_MATCH = YES;
				COPY_PHASE_STRIP = NO;
				DEBUG_INFORMATION_FORMAT = dwarf;
				ENABLE_STRICT_OBJC_MSGSEND = YES;
				ENABLE_TESTABILITY = YES;
				GCC_C_LANGUAGE_STANDARD = gnu11;
				GCC_DYNAMIC_NO_PIC = NO;
				GCC_NO_COMMON_BLOCKS = YES;
				GCC_OPTIMIZATION_LEVEL = 0;
				GCC_PREPROCESSOR_DEFINITIONS = (
					"DEBUG=1",
					"$(inherited)",
				);
				GCC_WARN_64_TO_32_BIT_CONVERSION = YES;
				GCC_WARN_ABOUT_RETURN_TYPE = YES_ERROR;
				GCC_WARN_UNDECLARED_SELECTOR = YES;
				GCC_WARN_UNINITIALIZED_AUTOS = YES_AGGRESSIVE;
				GCC_WARN_UNUSED_FUNCTION = YES;
				GCC_WARN_UNUSED_VARIABLE = YES;
				IPHONEOS_DEPLOYMENT_TARGET = 14.4;
				MTL_ENABLE_DEBUG_INFO = INCLUDE_SOURCE;
				MTL_FAST_MATH = YES;
				ONLY_ACTIVE_ARCH = YES;
				SDKROOT = iphoneos;
				SWIFT_ACTIVE_COMPILATION_CONDITIONS = DEBUG;
				SWIFT_OPTIMIZATION_LEVEL = "-Onone";
			};
			name = Debug;
		};
		49C5863A25DC939600D8241A /* Release */ = {
			isa = XCBuildConfiguration;
			buildSettings = {
				ALWAYS_SEARCH_USER_PATHS = NO;
				CLANG_ANALYZER_NONNULL = YES;
				CLANG_ANALYZER_NUMBER_OBJECT_CONVERSION = YES_AGGRESSIVE;
				CLANG_CXX_LANGUAGE_STANDARD = "gnu++14";
				CLANG_CXX_LIBRARY = "libc++";
				CLANG_ENABLE_MODULES = YES;
				CLANG_ENABLE_OBJC_ARC = YES;
				CLANG_ENABLE_OBJC_WEAK = YES;
				CLANG_WARN_BLOCK_CAPTURE_AUTORELEASING = YES;
				CLANG_WARN_BOOL_CONVERSION = YES;
				CLANG_WARN_COMMA = YES;
				CLANG_WARN_CONSTANT_CONVERSION = YES;
				CLANG_WARN_DEPRECATED_OBJC_IMPLEMENTATIONS = YES;
				CLANG_WARN_DIRECT_OBJC_ISA_USAGE = YES_ERROR;
				CLANG_WARN_DOCUMENTATION_COMMENTS = YES;
				CLANG_WARN_EMPTY_BODY = YES;
				CLANG_WARN_ENUM_CONVERSION = YES;
				CLANG_WARN_INFINITE_RECURSION = YES;
				CLANG_WARN_INT_CONVERSION = YES;
				CLANG_WARN_NON_LITERAL_NULL_CONVERSION = YES;
				CLANG_WARN_OBJC_IMPLICIT_RETAIN_SELF = YES;
				CLANG_WARN_OBJC_LITERAL_CONVERSION = YES;
				CLANG_WARN_OBJC_ROOT_CLASS = YES_ERROR;
				CLANG_WARN_QUOTED_INCLUDE_IN_FRAMEWORK_HEADER = YES;
				CLANG_WARN_RANGE_LOOP_ANALYSIS = YES;
				CLANG_WARN_STRICT_PROTOTYPES = YES;
				CLANG_WARN_SUSPICIOUS_MOVE = YES;
				CLANG_WARN_UNGUARDED_AVAILABILITY = YES_AGGRESSIVE;
				CLANG_WARN_UNREACHABLE_CODE = YES;
				CLANG_WARN__DUPLICATE_METHOD_MATCH = YES;
				COPY_PHASE_STRIP = NO;
				DEBUG_INFORMATION_FORMAT = "dwarf-with-dsym";
				ENABLE_NS_ASSERTIONS = NO;
				ENABLE_STRICT_OBJC_MSGSEND = YES;
				GCC_C_LANGUAGE_STANDARD = gnu11;
				GCC_NO_COMMON_BLOCKS = YES;
				GCC_WARN_64_TO_32_BIT_CONVERSION = YES;
				GCC_WARN_ABOUT_RETURN_TYPE = YES_ERROR;
				GCC_WARN_UNDECLARED_SELECTOR = YES;
				GCC_WARN_UNINITIALIZED_AUTOS = YES_AGGRESSIVE;
				GCC_WARN_UNUSED_FUNCTION = YES;
				GCC_WARN_UNUSED_VARIABLE = YES;
				IPHONEOS_DEPLOYMENT_TARGET = 14.4;
				MTL_ENABLE_DEBUG_INFO = NO;
				MTL_FAST_MATH = YES;
				SDKROOT = iphoneos;
				SWIFT_COMPILATION_MODE = wholemodule;
				SWIFT_OPTIMIZATION_LEVEL = "-O";
				VALIDATE_PRODUCT = YES;
			};
			name = Release;
		};
		49C5863C25DC939600D8241A /* Debug */ = {
			isa = XCBuildConfiguration;
			baseConfigurationReference = 933F1A38496A9E9D1194D001 /* Pods-439FinalProject.debug.xcconfig */;
			buildSettings = {
				ASSETCATALOG_COMPILER_APPICON_NAME = AppIcon;
				ASSETCATALOG_COMPILER_GLOBAL_ACCENT_COLOR_NAME = AccentColor;
				CODE_SIGN_STYLE = Automatic;
				INFOPLIST_FILE = 439FinalProject/Info.plist;
				IPHONEOS_DEPLOYMENT_TARGET = 13.0;
				LD_RUNPATH_SEARCH_PATHS = (
					"$(inherited)",
					"@executable_path/Frameworks",
				);
				PRODUCT_BUNDLE_IDENTIFIER = "com.radiantapps.-39FinalProject";
				PRODUCT_NAME = "$(TARGET_NAME)";
				SWIFT_VERSION = 5.0;
				TARGETED_DEVICE_FAMILY = "1,2";
			};
			name = Debug;
		};
		49C5863D25DC939600D8241A /* Release */ = {
			isa = XCBuildConfiguration;
			baseConfigurationReference = B6BB952AFCE52F4A841FE712 /* Pods-439FinalProject.release.xcconfig */;
			buildSettings = {
				ASSETCATALOG_COMPILER_APPICON_NAME = AppIcon;
				ASSETCATALOG_COMPILER_GLOBAL_ACCENT_COLOR_NAME = AccentColor;
				CODE_SIGN_STYLE = Automatic;
				INFOPLIST_FILE = 439FinalProject/Info.plist;
				IPHONEOS_DEPLOYMENT_TARGET = 13.0;
				LD_RUNPATH_SEARCH_PATHS = (
					"$(inherited)",
					"@executable_path/Frameworks",
				);
				PRODUCT_BUNDLE_IDENTIFIER = "com.radiantapps.-39FinalProject";
				PRODUCT_NAME = "$(TARGET_NAME)";
				SWIFT_VERSION = 5.0;
				TARGETED_DEVICE_FAMILY = "1,2";
			};
			name = Release;
		};
/* End XCBuildConfiguration section */

/* Begin XCConfigurationList section */
		49C5862225DC939600D8241A /* Build configuration list for PBXProject "439FinalProject" */ = {
			isa = XCConfigurationList;
			buildConfigurations = (
				49C5863925DC939600D8241A /* Debug */,
				49C5863A25DC939600D8241A /* Release */,
			);
			defaultConfigurationIsVisible = 0;
			defaultConfigurationName = Release;
		};
		49C5863B25DC939600D8241A /* Build configuration list for PBXNativeTarget "439FinalProject" */ = {
			isa = XCConfigurationList;
			buildConfigurations = (
				49C5863C25DC939600D8241A /* Debug */,
				49C5863D25DC939600D8241A /* Release */,
			);
			defaultConfigurationIsVisible = 0;
			defaultConfigurationName = Release;
		};
/* End XCConfigurationList section */
	};
	rootObject = 49C5861F25DC939600D8241A /* Project object */;
}
